dependencies:
- name: temporal
  repository: https://go.temporal.io/helm-charts
  version: 0.73.2
- name: postgresql
  repository: https://charts.bitnami.com/bitnami
  version: 16.4.3
- name: localstack
  repository: https://localstack.github.io/helm-charts
  version: 0.6.18
digest: sha256:5661f402f98957bc51b93916d8ff98c57b028a5e6b57de705977312461c3ce62
generated: "2026-03-19T21:41:46.749018912Z"
